
Microsoft Visual Studio Solution File, Format Version 12.00
# Visual Studio 15
VisualStudioVersion = 15.0.26403.7
MinimumVisualStudioVersion = 10.0.40219.1
Project("{FAE04EC0-301F-11D3-BF4B-00C04F79EFBC}") = "ProjectEuler", "ProjectEuler\ProjectEuler.csproj", "{17EA48A4-178A-448E-BD67-FFF000129BE9}"
EndProject
Project("{FAE04EC0-301F-11D3-BF4B-00C04F79EFBC}") = "adventofcode2019", "adventofcode2019\adventofcode2019.csproj", "{0E07E1BF-C6EA-44D1-9A07-2AE0A43E4A9C}"
EndProject
Project("{FAE04EC0-301F-11D3-BF4B-00C04F79EFBC}") = "adventofcode2019Tests", "adventofcode2019Tests\adventofcode2019Tests.csproj", "{584FB3A3-1104-4C66-B868-E9421F778137}"
EndProject
Project("{FAE04EC0-301F-11D3-BF4B-00C04F79EFBC}") = "adventofcode2021", "adventofcode2021\adventofcode2021.csproj", "{AB399A61-3E07-42F5-9B29-B121520C4482}"
EndProject
Project("{FAE04EC0-301F-11D3-BF4B-00C04F79EFBC}") = "adventofcode2021Tests", "adventofcode2021Tests\adventofcode2021Tests.csproj", "{2AFEE143-4F3F-4BD4-BA5D-6B3DF2E68E5A}"
EndProject
Global
	GlobalSection(SolutionConfigurationPlatforms) = preSolution
		Debug|Any CPU = Debug|Any CPU
		Release|Any CPU = Release|Any CPU
	EndGlobalSection
	GlobalSection(ProjectConfigurationPlatforms) = postSolution
		{17EA48A4-178A-448E-BD67-FFF000129BE9}.Debug|Any CPU.ActiveCfg = Debug|Any CPU
		{17EA48A4-178A-448E-BD67-FFF000129BE9}.Debug|Any CPU.Build.0 = Debug|Any CPU
		{17EA48A4-178A-448E-BD67-FFF000129BE9}.Release|Any CPU.ActiveCfg = Release|Any CPU
		{17EA48A4-178A-448E-BD67-FFF000129BE9}.Release|Any CPU.Build.0 = Release|Any CPU
		{0E07E1BF-C6EA-44D1-9A07-2AE0A43E4A9C}.Debug|Any CPU.ActiveCfg = Debug|Any CPU
		{0E07E1BF-C6EA-44D1-9A07-2AE0A43E4A9C}.Debug|Any CPU.Build.0 = Debug|Any CPU
		{0E07E1BF-C6EA-44D1-9A07-2AE0A43E4A9C}.Release|Any CPU.ActiveCfg = Release|Any CPU
		{0E07E1BF-C6EA-44D1-9A07-2AE0A43E4A9C}.Release|Any CPU.Build.0 = Release|Any CPU
		{584FB3A3-1104-4C66-B868-E9421F778137}.Debug|Any CPU.ActiveCfg = Debug|Any CPU
		{584FB3A3-1104-4C66-B868-E9421F778137}.Debug|Any CPU.Build.0 = Debug|Any CPU
		{584FB3A3-1104-4C66-B868-E9421F778137}.Release|Any CPU.ActiveCfg = Release|Any CPU
		{584FB3A3-1104-4C66-B868-E9421F778137}.Release|Any CPU.Build.0 = Release|Any CPU
		{AB399A61-3E07-42F5-9B29-B121520C4482}.Debug|Any CPU.ActiveCfg = Debug|Any CPU
		{AB399A61-3E07-42F5-9B29-B121520C4482}.Debug|Any CPU.Build.0 = Debug|Any CPU
		{AB399A61-3E07-42F5-9B29-B121520C4482}.Release|Any CPU.ActiveCfg = Release|Any CPU
		{AB399A61-3E07-42F5-9B29-B121520C4482}.Release|Any CPU.Build.0 = Release|Any CPU
		{2AFEE143-4F3F-4BD4-BA5D-6B3DF2E68E5A}.Debug|Any CPU.ActiveCfg = Debug|Any CPU
		{2AFEE143-4F3F-4BD4-BA5D-6B3DF2E68E5A}.Debug|Any CPU.Build.0 = Debug|Any CPU
		{2AFEE143-4F3F-4BD4-BA5D-6B3DF2E68E5A}.Release|Any CPU.ActiveCfg = Release|Any CPU
		{2AFEE143-4F3F-4BD4-BA5D-6B3DF2E68E5A}.Release|Any CPU.Build.0 = Release|Any CPU
	EndGlobalSection
	GlobalSection(SolutionProperties) = preSolution
		HideSolutionNode = FALSE
	EndGlobalSection
	GlobalSection(ExtensibilityGlobals) = postSolution
		SolutionGuid = {81B1C3B4-64FF-4940-B743-C5B37654DECD}
	EndGlobalSection
EndGlobal
